
Microsoft Visual Studio Solution File, Format Version 12.00
# Visual Studio Version 17
VisualStudioVersion = 17.3.32929.385
MinimumVisualStudioVersion = 10.0.40219.1
Project("{9A19103F-16F7-4668-BE54-9A1E7A4F7556}") = "KP_ConsoleAppNet61", "KP_ConsoleAppNet61\KP_ConsoleAppNet61.csproj", "{99B254E4-DF24-49A5-B404-449EF675EEBE}"
EndProject
Project("{2150E333-8FDC-42A3-9474-1A3956D46DE8}") = "Solution Items", "Solution Items", "{8622F403-66D2-453F-813C-D07B5AAACFE0}"
	ProjectSection(SolutionItems) = preProject
		readme.md = readme.md
	EndProjectSection
EndProject
Project("{9A19103F-16F7-4668-BE54-9A1E7A4F7556}") = "SqlServerColumnDescriptions", "SqlServerColumnDescriptions\SqlServerColumnDescriptions.csproj", "{8EB71C99-545E-4746-8298-DE9D62852D38}"
EndProject
Global
	GlobalSection(SolutionConfigurationPlatforms) = preSolution
		Debug|Any CPU = Debug|Any CPU
		Release|Any CPU = Release|Any CPU
	EndGlobalSection
	GlobalSection(ProjectConfigurationPlatforms) = postSolution
		{99B254E4-DF24-49A5-B404-449EF675EEBE}.Debug|Any CPU.ActiveCfg = Debug|Any CPU
		{99B254E4-DF24-49A5-B404-449EF675EEBE}.Debug|Any CPU.Build.0 = Debug|Any CPU
		{99B254E4-DF24-49A5-B404-449EF675EEBE}.Release|Any CPU.ActiveCfg = Release|Any CPU
		{99B254E4-DF24-49A5-B404-449EF675EEBE}.Release|Any CPU.Build.0 = Release|Any CPU
		{8EB71C99-545E-4746-8298-DE9D62852D38}.Debug|Any CPU.ActiveCfg = Debug|Any CPU
		{8EB71C99-545E-4746-8298-DE9D62852D38}.Debug|Any CPU.Build.0 = Debug|Any CPU
		{8EB71C99-545E-4746-8298-DE9D62852D38}.Release|Any CPU.ActiveCfg = Release|Any CPU
		{8EB71C99-545E-4746-8298-DE9D62852D38}.Release|Any CPU.Build.0 = Release|Any CPU
	EndGlobalSection
	GlobalSection(SolutionProperties) = preSolution
		HideSolutionNode = FALSE
	EndGlobalSection
	GlobalSection(ExtensibilityGlobals) = postSolution
		SolutionGuid = {8F785535-06C7-4216-9432-CEAEB83D5348}
	EndGlobalSection
EndGlobal
